
Microsoft Visual Studio Solution File, Format Version 12.00
# Visual Studio Version 17
VisualStudioVersion = 17.0.31903.59
MinimumVisualStudioVersion = 10.0.40219.1
Project("{2150E333-8FDC-42A3-9474-1A3956D46DE8}") = "Task", "Task", "{1EB6BE88-31D3-42E1-968D-582182F2E98A}"
EndProject
Project("{9A19103F-16F7-4668-BE54-9A1E7A4F7556}") = "CancellationTokenExample", "src\Task\CancellationTokenExample\CancellationTokenExample.csproj", "{1FBCAC41-8A74-483D-8EA1-A0C377A3B4A4}"
EndProject
Project("{2150E333-8FDC-42A3-9474-1A3956D46DE8}") = "Delegate", "Delegate", "{96197BB7-3093-4FFC-9776-025507485996}"
EndProject
Project("{9A19103F-16F7-4668-BE54-9A1E7A4F7556}") = "DelegateExamples", "src\Delegate\DelegateExamples\DelegateExamples.csproj", "{50430DE2-69E6-4E49-8780-5E3C7BC8ABF7}"
EndProject
Project("{2150E333-8FDC-42A3-9474-1A3956D46DE8}") = "LeetCode", "LeetCode", "{7BE42186-C933-4767-89FA-44F516DB23C4}"
EndProject
Project("{FAE04EC0-301F-11D3-BF4B-00C04F79EFBC}") = "LeetCode", "LeetCode\LeetCode\LeetCode.csproj", "{27B7920F-EF6A-4C3A-A945-10D9132A04A5}"
EndProject
Project("{2150E333-8FDC-42A3-9474-1A3956D46DE8}") = "Tests", "Tests", "{4FD3F7BA-D79D-4665-955E-E6863EB34E72}"
EndProject
Project("{FAE04EC0-301F-11D3-BF4B-00C04F79EFBC}") = "Basic.Test", "Tests\Basic.Test\Basic.Test.csproj", "{567D2E76-20BB-4D74-B959-5C47E0AC6022}"
EndProject
Global
	GlobalSection(SolutionConfigurationPlatforms) = preSolution
		Debug|Any CPU = Debug|Any CPU
		Release|Any CPU = Release|Any CPU
	EndGlobalSection
	GlobalSection(ProjectConfigurationPlatforms) = postSolution
		{1FBCAC41-8A74-483D-8EA1-A0C377A3B4A4}.Debug|Any CPU.ActiveCfg = Debug|Any CPU
		{1FBCAC41-8A74-483D-8EA1-A0C377A3B4A4}.Debug|Any CPU.Build.0 = Debug|Any CPU
		{1FBCAC41-8A74-483D-8EA1-A0C377A3B4A4}.Release|Any CPU.ActiveCfg = Release|Any CPU
		{1FBCAC41-8A74-483D-8EA1-A0C377A3B4A4}.Release|Any CPU.Build.0 = Release|Any CPU
		{50430DE2-69E6-4E49-8780-5E3C7BC8ABF7}.Debug|Any CPU.ActiveCfg = Debug|Any CPU
		{50430DE2-69E6-4E49-8780-5E3C7BC8ABF7}.Debug|Any CPU.Build.0 = Debug|Any CPU
		{50430DE2-69E6-4E49-8780-5E3C7BC8ABF7}.Release|Any CPU.ActiveCfg = Release|Any CPU
		{50430DE2-69E6-4E49-8780-5E3C7BC8ABF7}.Release|Any CPU.Build.0 = Release|Any CPU
		{27B7920F-EF6A-4C3A-A945-10D9132A04A5}.Debug|Any CPU.ActiveCfg = Debug|Any CPU
		{27B7920F-EF6A-4C3A-A945-10D9132A04A5}.Debug|Any CPU.Build.0 = Debug|Any CPU
		{27B7920F-EF6A-4C3A-A945-10D9132A04A5}.Release|Any CPU.ActiveCfg = Release|Any CPU
		{27B7920F-EF6A-4C3A-A945-10D9132A04A5}.Release|Any CPU.Build.0 = Release|Any CPU
		{567D2E76-20BB-4D74-B959-5C47E0AC6022}.Debug|Any CPU.ActiveCfg = Debug|Any CPU
		{567D2E76-20BB-4D74-B959-5C47E0AC6022}.Debug|Any CPU.Build.0 = Debug|Any CPU
		{567D2E76-20BB-4D74-B959-5C47E0AC6022}.Release|Any CPU.ActiveCfg = Release|Any CPU
		{567D2E76-20BB-4D74-B959-5C47E0AC6022}.Release|Any CPU.Build.0 = Release|Any CPU
	EndGlobalSection
	GlobalSection(SolutionProperties) = preSolution
		HideSolutionNode = FALSE
	EndGlobalSection
	GlobalSection(NestedProjects) = preSolution
		{1FBCAC41-8A74-483D-8EA1-A0C377A3B4A4} = {1EB6BE88-31D3-42E1-968D-582182F2E98A}
		{50430DE2-69E6-4E49-8780-5E3C7BC8ABF7} = {96197BB7-3093-4FFC-9776-025507485996}
		{27B7920F-EF6A-4C3A-A945-10D9132A04A5} = {7BE42186-C933-4767-89FA-44F516DB23C4}
		{567D2E76-20BB-4D74-B959-5C47E0AC6022} = {4FD3F7BA-D79D-4665-955E-E6863EB34E72}
	EndGlobalSection
	GlobalSection(ExtensibilityGlobals) = postSolution
		SolutionGuid = {AA2123DD-9339-4943-862A-A492E65FC5AA}
	EndGlobalSection
EndGlobal
